
Microsoft Visual Studio Solution File, Format Version 12.00
# Visual Studio 2012
Project("{FAE04EC0-301F-11D3-BF4B-00C04F79EFBC}") = "VodWorkflow", "VodWorkflow\VodWorkflow.csproj", "{609CB145-9E0D-405F-8D2A-81C73EAD5CC9}"
EndProject
Project("{2150E333-8FDC-42A3-9474-1A3956D46DE8}") = ".nuget", ".nuget", "{94711F1A-51AD-4984-AC57-703A70BCCC45}"
	ProjectSection(SolutionItems) = preProject
		.nuget\NuGet.Config = .nuget\NuGet.Config
		.nuget\NuGet.exe = .nuget\NuGet.exe
		.nuget\NuGet.targets = .nuget\NuGet.targets
	EndProjectSection
EndProject
Global
	GlobalSection(SolutionConfigurationPlatforms) = preSolution
		Debug|Any CPU = Debug|Any CPU
		Release|Any CPU = Release|Any CPU
	EndGlobalSection
	GlobalSection(ProjectConfigurationPlatforms) = postSolution
		{609CB145-9E0D-405F-8D2A-81C73EAD5CC9}.Debug|Any CPU.ActiveCfg = Debug|Any CPU
		{609CB145-9E0D-405F-8D2A-81C73EAD5CC9}.Debug|Any CPU.Build.0 = Debug|Any CPU
		{609CB145-9E0D-405F-8D2A-81C73EAD5CC9}.Release|Any CPU.ActiveCfg = Release|Any CPU
		{609CB145-9E0D-405F-8D2A-81C73EAD5CC9}.Release|Any CPU.Build.0 = Release|Any CPU
	EndGlobalSection
	GlobalSection(SolutionProperties) = preSolution
		HideSolutionNode = FALSE
	EndGlobalSection
	GlobalSection(ExtensibilityGlobals) = postSolution
		EnterpriseLibraryConfigurationToolBinariesPath = packages\TransientFaultHandling.Core.5.1.1209.1\lib\NET4
	EndGlobalSection
EndGlobal
